
Microsoft Visual Studio Solution File, Format Version 12.00
# Visual Studio 15
VisualStudioVersion = 15.0.27703.2035
MinimumVisualStudioVersion = 10.0.40219.1
Project("{FAE04EC0-301F-11D3-BF4B-00C04F79EFBC}") = "Lemonade-Stand", "Lemonade-Stand\Lemonade-Stand.csproj", "{69735803-CCF3-4AC1-ABD1-0FE14E2540D4}"
EndProject
Global
	GlobalSection(SolutionConfigurationPlatforms) = preSolution
		Debug|Any CPU = Debug|Any CPU
		Release|Any CPU = Release|Any CPU
	EndGlobalSection
	GlobalSection(ProjectConfigurationPlatforms) = postSolution
		{69735803-CCF3-4AC1-ABD1-0FE14E2540D4}.Debug|Any CPU.ActiveCfg = Debug|Any CPU
		{69735803-CCF3-4AC1-ABD1-0FE14E2540D4}.Debug|Any CPU.Build.0 = Debug|Any CPU
		{69735803-CCF3-4AC1-ABD1-0FE14E2540D4}.Release|Any CPU.ActiveCfg = Release|Any CPU
		{69735803-CCF3-4AC1-ABD1-0FE14E2540D4}.Release|Any CPU.Build.0 = Release|Any CPU
	EndGlobalSection
	GlobalSection(SolutionProperties) = preSolution
		HideSolutionNode = FALSE
	EndGlobalSection
	GlobalSection(ExtensibilityGlobals) = postSolution
		SolutionGuid = {4DFDC2A1-897D-4522-BBBC-0FA796BE2AA3}
	EndGlobalSection
EndGlobal
